
Microsoft Visual Studio Solution File, Format Version 12.00
# Visual Studio Version 16
VisualStudioVersion = 16.0.28922.388
MinimumVisualStudioVersion = 10.0.40219.1
Project("{9A19103F-16F7-4668-BE54-9A1E7A4F7556}") = "JetAPI", "JetAPI.csproj", "{9C7C2A69-B41B-4D03-9EE2-D0C3AA87689F}"
EndProject
Project("{FAE04EC0-301F-11D3-BF4B-00C04F79EFBC}") = "XF_JetAPI.Android", "..\XF_JetAPI\XF_JetAPI.Android\XF_JetAPI.Android.csproj", "{0B712B3F-0BA3-4983-8831-69C42815ADE8}"
EndProject
Project("{FAE04EC0-301F-11D3-BF4B-00C04F79EFBC}") = "XF_JetAPI.iOS", "..\XF_JetAPI\XF_JetAPI.iOS\XF_JetAPI.iOS.csproj", "{9BF6EB0B-F67B-4657-BC0C-EDC424FC5F6A}"
EndProject
Project("{FAE04EC0-301F-11D3-BF4B-00C04F79EFBC}") = "XF_JetAPI", "..\XF_JetAPI\XF_JetAPI\XF_JetAPI.csproj", "{37284524-B8F5-4AF6-A6BD-8E577078C1F0}"
EndProject
Global
	GlobalSection(SolutionConfigurationPlatforms) = preSolution
		Debug|Any CPU = Debug|Any CPU
		Debug|iPhone = Debug|iPhone
		Debug|iPhoneSimulator = Debug|iPhoneSimulator
		Release|Any CPU = Release|Any CPU
		Release|iPhone = Release|iPhone
		Release|iPhoneSimulator = Release|iPhoneSimulator
	EndGlobalSection
	GlobalSection(ProjectConfigurationPlatforms) = postSolution
		{9C7C2A69-B41B-4D03-9EE2-D0C3AA87689F}.Debug|Any CPU.ActiveCfg = Debug|Any CPU
		{9C7C2A69-B41B-4D03-9EE2-D0C3AA87689F}.Debug|Any CPU.Build.0 = Debug|Any CPU
		{9C7C2A69-B41B-4D03-9EE2-D0C3AA87689F}.Debug|iPhone.ActiveCfg = Debug|Any CPU
		{9C7C2A69-B41B-4D03-9EE2-D0C3AA87689F}.Debug|iPhone.Build.0 = Debug|Any CPU
		{9C7C2A69-B41B-4D03-9EE2-D0C3AA87689F}.Debug|iPhoneSimulator.ActiveCfg = Debug|Any CPU
		{9C7C2A69-B41B-4D03-9EE2-D0C3AA87689F}.Debug|iPhoneSimulator.Build.0 = Debug|Any CPU
		{9C7C2A69-B41B-4D03-9EE2-D0C3AA87689F}.Release|Any CPU.ActiveCfg = Release|Any CPU
		{9C7C2A69-B41B-4D03-9EE2-D0C3AA87689F}.Release|Any CPU.Build.0 = Release|Any CPU
		{9C7C2A69-B41B-4D03-9EE2-D0C3AA87689F}.Release|iPhone.ActiveCfg = Release|Any CPU
		{9C7C2A69-B41B-4D03-9EE2-D0C3AA87689F}.Release|iPhone.Build.0 = Release|Any CPU
		{9C7C2A69-B41B-4D03-9EE2-D0C3AA87689F}.Release|iPhoneSimulator.ActiveCfg = Release|Any CPU
		{9C7C2A69-B41B-4D03-9EE2-D0C3AA87689F}.Release|iPhoneSimulator.Build.0 = Release|Any CPU
		{0B712B3F-0BA3-4983-8831-69C42815ADE8}.Debug|Any CPU.ActiveCfg = Debug|Any CPU
		{0B712B3F-0BA3-4983-8831-69C42815ADE8}.Debug|Any CPU.Build.0 = Debug|Any CPU
		{0B712B3F-0BA3-4983-8831-69C42815ADE8}.Debug|Any CPU.Deploy.0 = Debug|Any CPU
		{0B712B3F-0BA3-4983-8831-69C42815ADE8}.Debug|iPhone.ActiveCfg = Debug|Any CPU
		{0B712B3F-0BA3-4983-8831-69C42815ADE8}.Debug|iPhone.Build.0 = Debug|Any CPU
		{0B712B3F-0BA3-4983-8831-69C42815ADE8}.Debug|iPhone.Deploy.0 = Debug|Any CPU
		{0B712B3F-0BA3-4983-8831-69C42815ADE8}.Debug|iPhoneSimulator.ActiveCfg = Debug|Any CPU
		{0B712B3F-0BA3-4983-8831-69C42815ADE8}.Debug|iPhoneSimulator.Build.0 = Debug|Any CPU
		{0B712B3F-0BA3-4983-8831-69C42815ADE8}.Debug|iPhoneSimulator.Deploy.0 = Debug|Any CPU
		{0B712B3F-0BA3-4983-8831-69C42815ADE8}.Release|Any CPU.ActiveCfg = Release|Any CPU
		{0B712B3F-0BA3-4983-8831-69C42815ADE8}.Release|Any CPU.Build.0 = Release|Any CPU
		{0B712B3F-0BA3-4983-8831-69C42815ADE8}.Release|Any CPU.Deploy.0 = Release|Any CPU
		{0B712B3F-0BA3-4983-8831-69C42815ADE8}.Release|iPhone.ActiveCfg = Release|Any CPU
		{0B712B3F-0BA3-4983-8831-69C42815ADE8}.Release|iPhone.Build.0 = Release|Any CPU
		{0B712B3F-0BA3-4983-8831-69C42815ADE8}.Release|iPhone.Deploy.0 = Release|Any CPU
		{0B712B3F-0BA3-4983-8831-69C42815ADE8}.Release|iPhoneSimulator.ActiveCfg = Release|Any CPU
		{0B712B3F-0BA3-4983-8831-69C42815ADE8}.Release|iPhoneSimulator.Build.0 = Release|Any CPU
		{0B712B3F-0BA3-4983-8831-69C42815ADE8}.Release|iPhoneSimulator.Deploy.0 = Release|Any CPU
		{9BF6EB0B-F67B-4657-BC0C-EDC424FC5F6A}.Debug|Any CPU.ActiveCfg = Debug|iPhone
		{9BF6EB0B-F67B-4657-BC0C-EDC424FC5F6A}.Debug|iPhone.ActiveCfg = Debug|iPhone
		{9BF6EB0B-F67B-4657-BC0C-EDC424FC5F6A}.Debug|iPhone.Build.0 = Debug|iPhone
		{9BF6EB0B-F67B-4657-BC0C-EDC424FC5F6A}.Debug|iPhoneSimulator.ActiveCfg = Debug|iPhoneSimulator
		{9BF6EB0B-F67B-4657-BC0C-EDC424FC5F6A}.Debug|iPhoneSimulator.Build.0 = Debug|iPhoneSimulator
		{9BF6EB0B-F67B-4657-BC0C-EDC424FC5F6A}.Release|Any CPU.ActiveCfg = Release|iPhone
		{9BF6EB0B-F67B-4657-BC0C-EDC424FC5F6A}.Release|iPhone.ActiveCfg = Release|iPhone
		{9BF6EB0B-F67B-4657-BC0C-EDC424FC5F6A}.Release|iPhone.Build.0 = Release|iPhone
		{9BF6EB0B-F67B-4657-BC0C-EDC424FC5F6A}.Release|iPhoneSimulator.ActiveCfg = Release|iPhoneSimulator
		{9BF6EB0B-F67B-4657-BC0C-EDC424FC5F6A}.Release|iPhoneSimulator.Build.0 = Release|iPhoneSimulator
		{37284524-B8F5-4AF6-A6BD-8E577078C1F0}.Debug|Any CPU.ActiveCfg = Debug|Any CPU
		{37284524-B8F5-4AF6-A6BD-8E577078C1F0}.Debug|Any CPU.Build.0 = Debug|Any CPU
		{37284524-B8F5-4AF6-A6BD-8E577078C1F0}.Debug|iPhone.ActiveCfg = Debug|Any CPU
		{37284524-B8F5-4AF6-A6BD-8E577078C1F0}.Debug|iPhone.Build.0 = Debug|Any CPU
		{37284524-B8F5-4AF6-A6BD-8E577078C1F0}.Debug|iPhoneSimulator.ActiveCfg = Debug|Any CPU
		{37284524-B8F5-4AF6-A6BD-8E577078C1F0}.Debug|iPhoneSimulator.Build.0 = Debug|Any CPU
		{37284524-B8F5-4AF6-A6BD-8E577078C1F0}.Release|Any CPU.ActiveCfg = Release|Any CPU
		{37284524-B8F5-4AF6-A6BD-8E577078C1F0}.Release|Any CPU.Build.0 = Release|Any CPU
		{37284524-B8F5-4AF6-A6BD-8E577078C1F0}.Release|iPhone.ActiveCfg = Release|Any CPU
		{37284524-B8F5-4AF6-A6BD-8E577078C1F0}.Release|iPhone.Build.0 = Release|Any CPU
		{37284524-B8F5-4AF6-A6BD-8E577078C1F0}.Release|iPhoneSimulator.ActiveCfg = Release|Any CPU
		{37284524-B8F5-4AF6-A6BD-8E577078C1F0}.Release|iPhoneSimulator.Build.0 = Release|Any CPU
	EndGlobalSection
	GlobalSection(SolutionProperties) = preSolution
		HideSolutionNode = FALSE
	EndGlobalSection
	GlobalSection(ExtensibilityGlobals) = postSolution
		SolutionGuid = {80EBC193-1D14-4596-9E4F-9BE63BBCD4CD}
	EndGlobalSection
EndGlobal
